
Microsoft Visual Studio Solution File, Format Version 12.00
# Visual Studio Version 17
VisualStudioVersion = 17.5.002.0
MinimumVisualStudioVersion = 10.0.40219.1
Project("{9A19103F-16F7-4668-BE54-9A1E7A4F7556}") = "Api", "Api.csproj", "{55F21AE3-3D84-46A4-8E9F-7CC4B3E77347}"
EndProject
Global
	GlobalSection(SolutionConfigurationPlatforms) = preSolution
		Debug|Any CPU = Debug|Any CPU
		Release|Any CPU = Release|Any CPU
	EndGlobalSection
	GlobalSection(ProjectConfigurationPlatforms) = postSolution
		{55F21AE3-3D84-46A4-8E9F-7CC4B3E77347}.Debug|Any CPU.ActiveCfg = Debug|Any CPU
		{55F21AE3-3D84-46A4-8E9F-7CC4B3E77347}.Debug|Any CPU.Build.0 = Debug|Any CPU
		{55F21AE3-3D84-46A4-8E9F-7CC4B3E77347}.Release|Any CPU.ActiveCfg = Release|Any CPU
		{55F21AE3-3D84-46A4-8E9F-7CC4B3E77347}.Release|Any CPU.Build.0 = Release|Any CPU
	EndGlobalSection
	GlobalSection(SolutionProperties) = preSolution
		HideSolutionNode = FALSE
	EndGlobalSection
	GlobalSection(ExtensibilityGlobals) = postSolution
		SolutionGuid = {E92A1F12-F133-41D6-8B2E-0B4021529AE4}
	EndGlobalSection
EndGlobal
